
Microsoft Visual Studio Solution File, Format Version 12.00
# Visual Studio Version 17
VisualStudioVersion = 17.9.34728.123
MinimumVisualStudioVersion = 10.0.40219.1
Project("{FAE04EC0-301F-11D3-BF4B-00C04F79EFBC}") = "Application", "Application\Application.csproj", "{323CFD47-BD29-453D-AB3C-251076F1BF78}"
EndProject
Project("{FAE04EC0-301F-11D3-BF4B-00C04F79EFBC}") = "Domain", "Domain\Domain.csproj", "{2B29A87F-CC3E-4597-8EE8-D7A7C15A8407}"
EndProject
Project("{FAE04EC0-301F-11D3-BF4B-00C04F79EFBC}") = "Persistence", "Persistence\Persistence.csproj", "{8619EE98-1FAA-4570-A5D9-B2224EE0880B}"
EndProject
Project("{FAE04EC0-301F-11D3-BF4B-00C04F79EFBC}") = "WebAPI", "WebAPI\WebAPI.csproj", "{A54AF6BE-CF62-4C83-A851-7B79947127BC}"
EndProject
Project("{FAE04EC0-301F-11D3-BF4B-00C04F79EFBC}") = "Core", "Core\Core.csproj", "{BF1A2020-AC07-47B1-B90C-0441AAE471D1}"
EndProject
Project("{FAE04EC0-301F-11D3-BF4B-00C04F79EFBC}") = "Infrastructure", "Infrastructure\Infrastructure.csproj", "{967F2960-FDC5-40D1-895A-B371F530CC03}"
EndProject
Global
	GlobalSection(SolutionConfigurationPlatforms) = preSolution
		Debug|Any CPU = Debug|Any CPU
		Release|Any CPU = Release|Any CPU
	EndGlobalSection
	GlobalSection(ProjectConfigurationPlatforms) = postSolution
		{323CFD47-BD29-453D-AB3C-251076F1BF78}.Debug|Any CPU.ActiveCfg = Debug|Any CPU
		{323CFD47-BD29-453D-AB3C-251076F1BF78}.Debug|Any CPU.Build.0 = Debug|Any CPU
		{323CFD47-BD29-453D-AB3C-251076F1BF78}.Release|Any CPU.ActiveCfg = Release|Any CPU
		{323CFD47-BD29-453D-AB3C-251076F1BF78}.Release|Any CPU.Build.0 = Release|Any CPU
		{2B29A87F-CC3E-4597-8EE8-D7A7C15A8407}.Debug|Any CPU.ActiveCfg = Debug|Any CPU
		{2B29A87F-CC3E-4597-8EE8-D7A7C15A8407}.Debug|Any CPU.Build.0 = Debug|Any CPU
		{2B29A87F-CC3E-4597-8EE8-D7A7C15A8407}.Release|Any CPU.ActiveCfg = Release|Any CPU
		{2B29A87F-CC3E-4597-8EE8-D7A7C15A8407}.Release|Any CPU.Build.0 = Release|Any CPU
		{8619EE98-1FAA-4570-A5D9-B2224EE0880B}.Debug|Any CPU.ActiveCfg = Debug|Any CPU
		{8619EE98-1FAA-4570-A5D9-B2224EE0880B}.Debug|Any CPU.Build.0 = Debug|Any CPU
		{8619EE98-1FAA-4570-A5D9-B2224EE0880B}.Release|Any CPU.ActiveCfg = Release|Any CPU
		{8619EE98-1FAA-4570-A5D9-B2224EE0880B}.Release|Any CPU.Build.0 = Release|Any CPU
		{A54AF6BE-CF62-4C83-A851-7B79947127BC}.Debug|Any CPU.ActiveCfg = Debug|Any CPU
		{A54AF6BE-CF62-4C83-A851-7B79947127BC}.Debug|Any CPU.Build.0 = Debug|Any CPU
		{A54AF6BE-CF62-4C83-A851-7B79947127BC}.Release|Any CPU.ActiveCfg = Release|Any CPU
		{A54AF6BE-CF62-4C83-A851-7B79947127BC}.Release|Any CPU.Build.0 = Release|Any CPU
		{BF1A2020-AC07-47B1-B90C-0441AAE471D1}.Debug|Any CPU.ActiveCfg = Debug|Any CPU
		{BF1A2020-AC07-47B1-B90C-0441AAE471D1}.Debug|Any CPU.Build.0 = Debug|Any CPU
		{BF1A2020-AC07-47B1-B90C-0441AAE471D1}.Release|Any CPU.ActiveCfg = Release|Any CPU
		{BF1A2020-AC07-47B1-B90C-0441AAE471D1}.Release|Any CPU.Build.0 = Release|Any CPU
		{967F2960-FDC5-40D1-895A-B371F530CC03}.Debug|Any CPU.ActiveCfg = Debug|Any CPU
		{967F2960-FDC5-40D1-895A-B371F530CC03}.Debug|Any CPU.Build.0 = Debug|Any CPU
		{967F2960-FDC5-40D1-895A-B371F530CC03}.Release|Any CPU.ActiveCfg = Release|Any CPU
		{967F2960-FDC5-40D1-895A-B371F530CC03}.Release|Any CPU.Build.0 = Release|Any CPU
	EndGlobalSection
	GlobalSection(SolutionProperties) = preSolution
		HideSolutionNode = FALSE
	EndGlobalSection
	GlobalSection(ExtensibilityGlobals) = postSolution
		SolutionGuid = {90BA5027-3DDD-4B7C-9EA6-D1F16C2CFEA8}
	EndGlobalSection
EndGlobal
