
Microsoft Visual Studio Solution File, Format Version 12.00
# Visual Studio Version 17
VisualStudioVersion = 17.9.34616.47
MinimumVisualStudioVersion = 10.0.40219.1
Project("{FAE04EC0-301F-11D3-BF4B-00C04F79EFBC}") = "ConsoleUI", "ConsoleUI\ConsoleUI.csproj", "{959E9816-D406-40CD-9971-651932BC2100}"
EndProject
Project("{FAE04EC0-301F-11D3-BF4B-00C04F79EFBC}") = "MyApplication", "MyApplication\MyApplication.csproj", "{BEF012DF-E747-4564-AA26-26805ED15FA9}"
EndProject
Global
	GlobalSection(SolutionConfigurationPlatforms) = preSolution
		Debug|Any CPU = Debug|Any CPU
		Release|Any CPU = Release|Any CPU
	EndGlobalSection
	GlobalSection(ProjectConfigurationPlatforms) = postSolution
		{959E9816-D406-40CD-9971-651932BC2100}.Debug|Any CPU.ActiveCfg = Debug|Any CPU
		{959E9816-D406-40CD-9971-651932BC2100}.Debug|Any CPU.Build.0 = Debug|Any CPU
		{959E9816-D406-40CD-9971-651932BC2100}.Release|Any CPU.ActiveCfg = Release|Any CPU
		{959E9816-D406-40CD-9971-651932BC2100}.Release|Any CPU.Build.0 = Release|Any CPU
		{BEF012DF-E747-4564-AA26-26805ED15FA9}.Debug|Any CPU.ActiveCfg = Debug|Any CPU
		{BEF012DF-E747-4564-AA26-26805ED15FA9}.Debug|Any CPU.Build.0 = Debug|Any CPU
		{BEF012DF-E747-4564-AA26-26805ED15FA9}.Release|Any CPU.ActiveCfg = Release|Any CPU
		{BEF012DF-E747-4564-AA26-26805ED15FA9}.Release|Any CPU.Build.0 = Release|Any CPU
	EndGlobalSection
	GlobalSection(SolutionProperties) = preSolution
		HideSolutionNode = FALSE
	EndGlobalSection
	GlobalSection(ExtensibilityGlobals) = postSolution
		SolutionGuid = {3D8C27C0-E8A9-4051-9ED7-849020571008}
	EndGlobalSection
EndGlobal
