
Microsoft Visual Studio Solution File, Format Version 12.00
# Visual Studio Version 17
VisualStudioVersion = 17.9.34616.47
MinimumVisualStudioVersion = 10.0.40219.1
Project("{FAE04EC0-301F-11D3-BF4B-00C04F79EFBC}") = "examples", "examples\examples.csproj", "{A5D3FED5-4820-4059-9982-A5F5062F4C2A}"
EndProject
Global
	GlobalSection(SolutionConfigurationPlatforms) = preSolution
		Debug|Any CPU = Debug|Any CPU
		Release|Any CPU = Release|Any CPU
	EndGlobalSection
	GlobalSection(ProjectConfigurationPlatforms) = postSolution
		{A5D3FED5-4820-4059-9982-A5F5062F4C2A}.Debug|Any CPU.ActiveCfg = Debug|Any CPU
		{A5D3FED5-4820-4059-9982-A5F5062F4C2A}.Debug|Any CPU.Build.0 = Debug|Any CPU
		{A5D3FED5-4820-4059-9982-A5F5062F4C2A}.Release|Any CPU.ActiveCfg = Release|Any CPU
		{A5D3FED5-4820-4059-9982-A5F5062F4C2A}.Release|Any CPU.Build.0 = Release|Any CPU
	EndGlobalSection
	GlobalSection(SolutionProperties) = preSolution
		HideSolutionNode = FALSE
	EndGlobalSection
	GlobalSection(ExtensibilityGlobals) = postSolution
		SolutionGuid = {C35745CD-C5F9-49B8-8892-31B695C1A81F}
	EndGlobalSection
EndGlobal
